
Microsoft Visual Studio Solution File, Format Version 12.00
# Visual Studio 15
VisualStudioVersion = 15.0.28010.2041
MinimumVisualStudioVersion = 10.0.40219.1
Project("{FAE04EC0-301F-11D3-BF4B-00C04F79EFBC}") = "Gitos.DTO", "Gitos.DTO\Gitos.DTO.csproj", "{C8A9799B-E83B-4599-8BDD-47A02BF66636}"
EndProject
Project("{FAE04EC0-301F-11D3-BF4B-00C04F79EFBC}") = "Gitos.UI", "Gitos.UI\Gitos.UI.csproj", "{D7B75FC7-997D-4AAE-A738-90092C178D38}"
EndProject
Global
	GlobalSection(SolutionConfigurationPlatforms) = preSolution
		Debug|Any CPU = Debug|Any CPU
		Release|Any CPU = Release|Any CPU
	EndGlobalSection
	GlobalSection(ProjectConfigurationPlatforms) = postSolution
		{C8A9799B-E83B-4599-8BDD-47A02BF66636}.Debug|Any CPU.ActiveCfg = Debug|Any CPU
		{C8A9799B-E83B-4599-8BDD-47A02BF66636}.Debug|Any CPU.Build.0 = Debug|Any CPU
		{C8A9799B-E83B-4599-8BDD-47A02BF66636}.Release|Any CPU.ActiveCfg = Release|Any CPU
		{C8A9799B-E83B-4599-8BDD-47A02BF66636}.Release|Any CPU.Build.0 = Release|Any CPU
		{D7B75FC7-997D-4AAE-A738-90092C178D38}.Debug|Any CPU.ActiveCfg = Debug|Any CPU
		{D7B75FC7-997D-4AAE-A738-90092C178D38}.Debug|Any CPU.Build.0 = Debug|Any CPU
		{D7B75FC7-997D-4AAE-A738-90092C178D38}.Release|Any CPU.ActiveCfg = Release|Any CPU
		{D7B75FC7-997D-4AAE-A738-90092C178D38}.Release|Any CPU.Build.0 = Release|Any CPU
	EndGlobalSection
	GlobalSection(SolutionProperties) = preSolution
		HideSolutionNode = FALSE
	EndGlobalSection
	GlobalSection(ExtensibilityGlobals) = postSolution
		SolutionGuid = {1FB8CC55-1A3A-44DA-9637-39CA92F7013F}
	EndGlobalSection
EndGlobal
